
Microsoft Visual Studio Solution File, Format Version 12.00
# Visual Studio Version 17
VisualStudioVersion = 17.4.33213.308
MinimumVisualStudioVersion = 10.0.40219.1
Project("{FAE04EC0-301F-11D3-BF4B-00C04F79EFBC}") = "HardwareMonitoringLibrary", "HardwareMonitoringLibrary\HardwareMonitoringLibrary.csproj", "{9177979F-8972-46B8-A0D0-6AD2AF37EF6A}"
EndProject
Project("{FAE04EC0-301F-11D3-BF4B-00C04F79EFBC}") = "TestingHardwareMonitoring", "..\TestingHardwareMonitoring\TestingHardwareMonitoring.csproj", "{6C75BE60-17B0-40EF-8DF5-6782B07321D0}"
EndProject
Global
	GlobalSection(SolutionConfigurationPlatforms) = preSolution
		Debug|Any CPU = Debug|Any CPU
		Release|Any CPU = Release|Any CPU
	EndGlobalSection
	GlobalSection(ProjectConfigurationPlatforms) = postSolution
		{9177979F-8972-46B8-A0D0-6AD2AF37EF6A}.Debug|Any CPU.ActiveCfg = Debug|Any CPU
		{9177979F-8972-46B8-A0D0-6AD2AF37EF6A}.Debug|Any CPU.Build.0 = Debug|Any CPU
		{9177979F-8972-46B8-A0D0-6AD2AF37EF6A}.Release|Any CPU.ActiveCfg = Release|Any CPU
		{9177979F-8972-46B8-A0D0-6AD2AF37EF6A}.Release|Any CPU.Build.0 = Release|Any CPU
		{6C75BE60-17B0-40EF-8DF5-6782B07321D0}.Debug|Any CPU.ActiveCfg = Debug|Any CPU
		{6C75BE60-17B0-40EF-8DF5-6782B07321D0}.Debug|Any CPU.Build.0 = Debug|Any CPU
		{6C75BE60-17B0-40EF-8DF5-6782B07321D0}.Release|Any CPU.ActiveCfg = Release|Any CPU
		{6C75BE60-17B0-40EF-8DF5-6782B07321D0}.Release|Any CPU.Build.0 = Release|Any CPU
	EndGlobalSection
	GlobalSection(SolutionProperties) = preSolution
		HideSolutionNode = FALSE
	EndGlobalSection
	GlobalSection(ExtensibilityGlobals) = postSolution
		SolutionGuid = {7BDDF633-5028-4227-AB55-E2E97A5E291B}
	EndGlobalSection
EndGlobal
